// !$*UTF8*$!
{
	archiveVersion = 1;
	classes = {
	};
	objectVersion = 55;
	objects = {

/* Begin PBXBuildFile section */
		3FA964C827438AF5000AE92F /* AppDelegate.swift in Sources */ = {isa = PBXBuildFile; fileRef = 3FA964C727438AF5000AE92F /* AppDelegate.swift */; };
		3FA964CA27438AF5000AE92F /* SceneDelegate.swift in Sources */ = {isa = PBXBuildFile; fileRef = 3FA964C927438AF5000AE92F /* SceneDelegate.swift */; };
		3FA964CC27438AF5000AE92F /* SignInViewController.swift in Sources */ = {isa = PBXBuildFile; fileRef = 3FA964CB27438AF5000AE92F /* SignInViewController.swift */; };
		3FA964CF27438AF5000AE92F /* Main.storyboard in Resources */ = {isa = PBXBuildFile; fileRef = 3FA964CD27438AF5000AE92F /* Main.storyboard */; };
		3FA964D127438AF7000AE92F /* Assets.xcassets in Resources */ = {isa = PBXBuildFile; fileRef = 3FA964D027438AF7000AE92F /* Assets.xcassets */; };
		3FA964D427438AF7000AE92F /* LaunchScreen.storyboard in Resources */ = {isa = PBXBuildFile; fileRef = 3FA964D227438AF7000AE92F /* LaunchScreen.storyboard */; };
		3FA964DD27438B98000AE92F /* Alamofire in Frameworks */ = {isa = PBXBuildFile; productRef = 3FA964DC27438B98000AE92F /* Alamofire */; };
		3FA964EA27438D2F000AE92F /* Alegreya-Black.ttf in Resources */ = {isa = PBXBuildFile; fileRef = 3FA964E027438D2F000AE92F /* Alegreya-Black.ttf */; };
		3FA964EB27438D2F000AE92F /* Alegreya-Italic.ttf in Resources */ = {isa = PBXBuildFile; fileRef = 3FA964E127438D2F000AE92F /* Alegreya-Italic.ttf */; };
		3FA964EC27438D2F000AE92F /* Alegreya-MediumItalic.ttf in Resources */ = {isa = PBXBuildFile; fileRef = 3FA964E227438D2F000AE92F /* Alegreya-MediumItalic.ttf */; };
		3FA964ED27438D2F000AE92F /* Alegreya-Regular.ttf in Resources */ = {isa = PBXBuildFile; fileRef = 3FA964E327438D2F000AE92F /* Alegreya-Regular.ttf */; };
		3FA964EE27438D2F000AE92F /* Alegreya-BlackItalic.ttf in Resources */ = {isa = PBXBuildFile; fileRef = 3FA964E427438D2F000AE92F /* Alegreya-BlackItalic.ttf */; };
		3FA964EF27438D2F000AE92F /* Alegreya-BoldItalic.ttf in Resources */ = {isa = PBXBuildFile; fileRef = 3FA964E527438D2F000AE92F /* Alegreya-BoldItalic.ttf */; };
		3FA964F027438D2F000AE92F /* Alegreya-ExtraBold.ttf in Resources */ = {isa = PBXBuildFile; fileRef = 3FA964E627438D2F000AE92F /* Alegreya-ExtraBold.ttf */; };
		3FA964F127438D2F000AE92F /* Alegreya-ExtraBoldItalic.ttf in Resources */ = {isa = PBXBuildFile; fileRef = 3FA964E727438D2F000AE92F /* Alegreya-ExtraBoldItalic.ttf */; };
		3FA964F227438D2F000AE92F /* Alegreya-Bold.ttf in Resources */ = {isa = PBXBuildFile; fileRef = 3FA964E827438D2F000AE92F /* Alegreya-Bold.ttf */; };
		3FA964F327438D2F000AE92F /* Alegreya-Medium.ttf in Resources */ = {isa = PBXBuildFile; fileRef = 3FA964E927438D2F000AE92F /* Alegreya-Medium.ttf */; };
/* End PBXBuildFile section */

/* Begin PBXFileReference section */
		3FA964C427438AF5000AE92F /* Meditation.app */ = {isa = PBXFileReference; explicitFileType = wrapper.application; includeInIndex = 0; path = Meditation.app; sourceTree = BUILT_PRODUCTS_DIR; };
		3FA964C727438AF5000AE92F /* AppDelegate.swift */ = {isa = PBXFileReference; lastKnownFileType = sourcecode.swift; path = AppDelegate.swift; sourceTree = "<group>"; };
		3FA964C927438AF5000AE92F /* SceneDelegate.swift */ = {isa = PBXFileReference; lastKnownFileType = sourcecode.swift; path = SceneDelegate.swift; sourceTree = "<group>"; };
		3FA964CB27438AF5000AE92F /* SignInViewController.swift */ = {isa = PBXFileReference; lastKnownFileType = sourcecode.swift; path = SignInViewController.swift; sourceTree = "<group>"; };
		3FA964CE27438AF5000AE92F /* Base */ = {isa = PBXFileReference; lastKnownFileType = file.storyboard; name = Base; path = Base.lproj/Main.storyboard; sourceTree = "<group>"; };
		3FA964D027438AF7000AE92F /* Assets.xcassets */ = {isa = PBXFileReference; lastKnownFileType = folder.assetcatalog; path = Assets.xcassets; sourceTree = "<group>"; };
		3FA964D327438AF7000AE92F /* Base */ = {isa = PBXFileReference; lastKnownFileType = file.storyboard; name = Base; path = Base.lproj/LaunchScreen.storyboard; sourceTree = "<group>"; };
		3FA964D527438AF7000AE92F /* Info.plist */ = {isa = PBXFileReference; lastKnownFileType = text.plist.xml; path = Info.plist; sourceTree = "<group>"; };
		3FA964E027438D2F000AE92F /* Alegreya-Black.ttf */ = {isa = PBXFileReference; lastKnownFileType = file; path = "Alegreya-Black.ttf"; sourceTree = "<group>"; };
		3FA964E127438D2F000AE92F /* Alegreya-Italic.ttf */ = {isa = PBXFileReference; lastKnownFileType = file; path = "Alegreya-Italic.ttf"; sourceTree = "<group>"; };
		3FA964E227438D2F000AE92F /* Alegreya-MediumItalic.ttf */ = {isa = PBXFileReference; lastKnownFileType = file; path = "Alegreya-MediumItalic.ttf"; sourceTree = "<group>"; };
		3FA964E327438D2F000AE92F /* Alegreya-Regular.ttf */ = {isa = PBXFileReference; lastKnownFileType = file; path = "Alegreya-Regular.ttf"; sourceTree = "<group>"; };
		3FA964E427438D2F000AE92F /* Alegreya-BlackItalic.ttf */ = {isa = PBXFileReference; lastKnownFileType = file; path = "Alegreya-BlackItalic.ttf"; sourceTree = "<group>"; };
		3FA964E527438D2F000AE92F /* Alegreya-BoldItalic.ttf */ = {isa = PBXFileReference; lastKnownFileType = file; path = "Alegreya-BoldItalic.ttf"; sourceTree = "<group>"; };
		3FA964E627438D2F000AE92F /* Alegreya-ExtraBold.ttf */ = {isa = PBXFileReference; lastKnownFileType = file; path = "Alegreya-ExtraBold.ttf"; sourceTree = "<group>"; };
		3FA964E727438D2F000AE92F /* Alegreya-ExtraBoldItalic.ttf */ = {isa = PBXFileReference; lastKnownFileType = file; path = "Alegreya-ExtraBoldItalic.ttf"; sourceTree = "<group>"; };
		3FA964E827438D2F000AE92F /* Alegreya-Bold.ttf */ = {isa = PBXFileReference; lastKnownFileType = file; path = "Alegreya-Bold.ttf"; sourceTree = "<group>"; };
		3FA964E927438D2F000AE92F /* Alegreya-Medium.ttf */ = {isa = PBXFileReference; lastKnownFileType = file; path = "Alegreya-Medium.ttf"; sourceTree = "<group>"; };
/* End PBXFileReference section */

/* Begin PBXFrameworksBuildPhase section */
		3FA964C127438AF5000AE92F /* Frameworks */ = {
			isa = PBXFrameworksBuildPhase;
			buildActionMask = 2147483647;
			files = (
				3FA964DD27438B98000AE92F /* Alamofire in Frameworks */,
			);
			runOnlyForDeploymentPostprocessing = 0;
		};
/* End PBXFrameworksBuildPhase section */

/* Begin PBXGroup section */
		3FA964BB27438AF5000AE92F = {
			isa = PBXGroup;
			children = (
				3FA964C627438AF5000AE92F /* Meditation */,
				3FA964C527438AF5000AE92F /* Products */,
			);
			sourceTree = "<group>";
		};
		3FA964C527438AF5000AE92F /* Products */ = {
			isa = PBXGroup;
			children = (
				3FA964C427438AF5000AE92F /* Meditation.app */,
			);
			name = Products;
			sourceTree = "<group>";
		};
		3FA964C627438AF5000AE92F /* Meditation */ = {
			isa = PBXGroup;
			children = (
				3FA964DF27438C44000AE92F /* Fonts */,
				3FA964C727438AF5000AE92F /* AppDelegate.swift */,
				3FA964C927438AF5000AE92F /* SceneDelegate.swift */,
				3FA964CB27438AF5000AE92F /* SignInViewController.swift */,
				3FA964CD27438AF5000AE92F /* Main.storyboard */,
				3FA964D027438AF7000AE92F /* Assets.xcassets */,
				3FA964D227438AF7000AE92F /* LaunchScreen.storyboard */,
				3FA964D527438AF7000AE92F /* Info.plist */,
			);
			path = Meditation;
			sourceTree = "<group>";
		};
		3FA964DF27438C44000AE92F /* Fonts */ = {
			isa = PBXGroup;
			children = (
				3FA964E027438D2F000AE92F /* Alegreya-Black.ttf */,
				3FA964E427438D2F000AE92F /* Alegreya-BlackItalic.ttf */,
				3FA964E827438D2F000AE92F /* Alegreya-Bold.ttf */,
				3FA964E527438D2F000AE92F /* Alegreya-BoldItalic.ttf */,
				3FA964E627438D2F000AE92F /* Alegreya-ExtraBold.ttf */,
				3FA964E727438D2F000AE92F /* Alegreya-ExtraBoldItalic.ttf */,
				3FA964E127438D2F000AE92F /* Alegreya-Italic.ttf */,
				3FA964E927438D2F000AE92F /* Alegreya-Medium.ttf */,
				3FA964E227438D2F000AE92F /* Alegreya-MediumItalic.ttf */,
				3FA964E327438D2F000AE92F /* Alegreya-Regular.ttf */,
			);
			path = Fonts;
			sourceTree = "<group>";
		};
/* End PBXGroup section */

/* Begin PBXNativeTarget section */
		3FA964C327438AF5000AE92F /* Meditation */ = {
			isa = PBXNativeTarget;
			buildConfigurationList = 3FA964D827438AF7000AE92F /* Build configuration list for PBXNativeTarget "Meditation" */;
			buildPhases = (
				3FA964C027438AF5000AE92F /* Sources */,
				3FA964C127438AF5000AE92F /* Frameworks */,
				3FA964C227438AF5000AE92F /* Resources */,
			);
			buildRules = (
			);
			dependencies = (
			);
			name = Meditation;
			packageProductDependencies = (
				3FA964DC27438B98000AE92F /* Alamofire */,
			);
			productName = Meditation;
			productReference = 3FA964C427438AF5000AE92F /* Meditation.app */;
			productType = "com.apple.product-type.application";
		};
/* End PBXNativeTarget section */

/* Begin PBXProject section */
		3FA964BC27438AF5000AE92F /* Project object */ = {
			isa = PBXProject;
			attributes = {
				BuildIndependentTargetsInParallel = 1;
				LastSwiftUpdateCheck = 1310;
				LastUpgradeCheck = 1310;
				TargetAttributes = {
					3FA964C327438AF5000AE92F = {
						CreatedOnToolsVersion = 13.1;
					};
				};
			};
			buildConfigurationList = 3FA964BF27438AF5000AE92F /* Build configuration list for PBXProject "Meditation" */;
			compatibilityVersion = "Xcode 13.0";
			developmentRegion = en;
			hasScannedForEncodings = 0;
			knownRegions = (
				en,
				Base,
			);
			mainGroup = 3FA964BB27438AF5000AE92F;
			packageReferences = (
				3FA964DB27438B98000AE92F /* XCRemoteSwiftPackageReference "alamofire" */,
				3FA964DE27438C1C000AE92F /* XCRemoteSwiftPackageReference "swiftyJSON" */,
			);
			productRefGroup = 3FA964C527438AF5000AE92F /* Products */;
			projectDirPath = "";
			projectRoot = "";
			targets = (
				3FA964C327438AF5000AE92F /* Meditation */,
			);
		};
/* End PBXProject section */

/* Begin PBXResourcesBuildPhase section */
		3FA964C227438AF5000AE92F /* Resources */ = {
			isa = PBXResourcesBuildPhase;
			buildActionMask = 2147483647;
			files = (
				3FA964D427438AF7000AE92F /* LaunchScreen.storyboard in Resources */,
				3FA964F327438D2F000AE92F /* Alegreya-Medium.ttf in Resources */,
				3FA964F227438D2F000AE92F /* Alegreya-Bold.ttf in Resources */,
				3FA964EF27438D2F000AE92F /* Alegreya-BoldItalic.ttf in Resources */,
				3FA964F027438D2F000AE92F /* Alegreya-ExtraBold.ttf in Resources */,
				3FA964EC27438D2F000AE92F /* Alegreya-MediumItalic.ttf in Resources */,
				3FA964D127438AF7000AE92F /* Assets.xcassets in Resources */,
				3FA964EA27438D2F000AE92F /* Alegreya-Black.ttf in Resources */,
				3FA964EB27438D2F000AE92F /* Alegreya-Italic.ttf in Resources */,
				3FA964F127438D2F000AE92F /* Alegreya-ExtraBoldItalic.ttf in Resources */,
				3FA964ED27438D2F000AE92F /* Alegreya-Regular.ttf in Resources */,
				3FA964EE27438D2F000AE92F /* Alegreya-BlackItalic.ttf in Resources */,
				3FA964CF27438AF5000AE92F /* Main.storyboard in Resources */,
			);
			runOnlyForDeploymentPostprocessing = 0;
		};
/* End PBXResourcesBuildPhase section */

/* Begin PBXSourcesBuildPhase section */
		3FA964C027438AF5000AE92F /* Sources */ = {
			isa = PBXSourcesBuildPhase;
			buildActionMask = 2147483647;
			files = (
				3FA964CC27438AF5000AE92F /* SignInViewController.swift in Sources */,
				3FA964C827438AF5000AE92F /* AppDelegate.swift in Sources */,
				3FA964CA27438AF5000AE92F /* SceneDelegate.swift in Sources */,
			);
			runOnlyForDeploymentPostprocessing = 0;
		};
/* End PBXSourcesBuildPhase section */

/* Begin PBXVariantGroup section */
		3FA964CD27438AF5000AE92F /* Main.storyboard */ = {
			isa = PBXVariantGroup;
			children = (
				3FA964CE27438AF5000AE92F /* Base */,
			);
			name = Main.storyboard;
			sourceTree = "<group>";
		};
		3FA964D227438AF7000AE92F /* LaunchScreen.storyboard */ = {
			isa = PBXVariantGroup;
			children = (
				3FA964D327438AF7000AE92F /* Base */,
			);
			name = LaunchScreen.storyboard;
			sourceTree = "<group>";
		};
/* End PBXVariantGroup section */

/* Begin XCBuildConfiguration section */
		3FA964D627438AF7000AE92F /* Debug */ = {
			isa = XCBuildConfiguration;
			buildSettings = {
				ALWAYS_SEARCH_USER_PATHS = NO;
				CLANG_ANALYZER_NONNULL = YES;
				CLANG_ANALYZER_NUMBER_OBJECT_CONVERSION = YES_AGGRESSIVE;
				CLANG_CXX_LANGUAGE_STANDARD = "gnu++17";
				CLANG_CXX_LIBRARY = "libc++";
				CLANG_ENABLE_MODULES = YES;
				CLANG_ENABLE_OBJC_ARC = YES;
				CLANG_ENABLE_OBJC_WEAK = YES;
				CLANG_WARN_BLOCK_CAPTURE_AUTORELEASING = YES;
				CLANG_WARN_BOOL_CONVERSION = YES;
				CLANG_WARN_COMMA = YES;
				CLANG_WARN_CONSTANT_CONVERSION = YES;
				CLANG_WARN_DEPRECATED_OBJC_IMPLEMENTATIONS = YES;
				CLANG_WARN_DIRECT_OBJC_ISA_USAGE = YES_ERROR;
				CLANG_WARN_DOCUMENTATION_COMMENTS = YES;
				CLANG_WARN_EMPTY_BODY = YES;
				CLANG_WARN_ENUM_CONVERSION = YES;
				CLANG_WARN_INFINITE_RECURSION = YES;
				CLANG_WARN_INT_CONVERSION = YES;
				CLANG_WARN_NON_LITERAL_NULL_CONVERSION = YES;
				CLANG_WARN_OBJC_IMPLICIT_RETAIN_SELF = YES;
				CLANG_WARN_OBJC_LITERAL_CONVERSION = YES;
				CLANG_WARN_OBJC_ROOT_CLASS = YES_ERROR;
				CLANG_WARN_QUOTED_INCLUDE_IN_FRAMEWORK_HEADER = YES;
				CLANG_WARN_RANGE_LOOP_ANALYSIS = YES;
				CLANG_WARN_STRICT_PROTOTYPES = YES;
				CLANG_WARN_SUSPICIOUS_MOVE = YES;
				CLANG_WARN_UNGUARDED_AVAILABILITY = YES_AGGRESSIVE;
				CLANG_WARN_UNREACHABLE_CODE = YES;
				CLANG_WARN__DUPLICATE_METHOD_MATCH = YES;
				COPY_PHASE_STRIP = NO;
				DEBUG_INFORMATION_FORMAT = dwarf;
				ENABLE_STRICT_OBJC_MSGSEND = YES;
				ENABLE_TESTABILITY = YES;
				GCC_C_LANGUAGE_STANDARD = gnu11;
				GCC_DYNAMIC_NO_PIC = NO;
				GCC_NO_COMMON_BLOCKS = YES;
				GCC_OPTIMIZATION_LEVEL = 0;
				GCC_PREPROCESSOR_DEFINITIONS = (
					"DEBUG=1",
					"$(inherited)",
				);
				GCC_WARN_64_TO_32_BIT_CONVERSION = YES;
				GCC_WARN_ABOUT_RETURN_TYPE = YES_ERROR;
				GCC_WARN_UNDECLARED_SELECTOR = YES;
				GCC_WARN_UNINITIALIZED_AUTOS = YES_AGGRESSIVE;
				GCC_WARN_UNUSED_FUNCTION = YES;
				GCC_WARN_UNUSED_VARIABLE = YES;
				IPHONEOS_DEPLOYMENT_TARGET = 15.0;
				MTL_ENABLE_DEBUG_INFO = INCLUDE_SOURCE;
				MTL_FAST_MATH = YES;
				ONLY_ACTIVE_ARCH = YES;
				SDKROOT = iphoneos;
				SWIFT_ACTIVE_COMPILATION_CONDITIONS = DEBUG;
				SWIFT_OPTIMIZATION_LEVEL = "-Onone";
			};
			name = Debug;
		};
		3FA964D727438AF7000AE92F /* Release */ = {
			isa = XCBuildConfiguration;
			buildSettings = {
				ALWAYS_SEARCH_USER_PATHS = NO;
				CLANG_ANALYZER_NONNULL = YES;
				CLANG_ANALYZER_NUMBER_OBJECT_CONVERSION = YES_AGGRESSIVE;
				CLANG_CXX_LANGUAGE_STANDARD = "gnu++17";
				CLANG_CXX_LIBRARY = "libc++";
				CLANG_ENABLE_MODULES = YES;
				CLANG_ENABLE_OBJC_ARC = YES;
				CLANG_ENABLE_OBJC_WEAK = YES;
				CLANG_WARN_BLOCK_CAPTURE_AUTORELEASING = YES;
				CLANG_WARN_BOOL_CONVERSION = YES;
				CLANG_WARN_COMMA = YES;
				CLANG_WARN_CONSTANT_CONVERSION = YES;
				CLANG_WARN_DEPRECATED_OBJC_IMPLEMENTATIONS = YES;
				CLANG_WARN_DIRECT_OBJC_ISA_USAGE = YES_ERROR;
				CLANG_WARN_DOCUMENTATION_COMMENTS = YES;
				CLANG_WARN_EMPTY_BODY = YES;
				CLANG_WARN_ENUM_CONVERSION = YES;
				CLANG_WARN_INFINITE_RECURSION = YES;
				CLANG_WARN_INT_CONVERSION = YES;
				CLANG_WARN_NON_LITERAL_NULL_CONVERSION = YES;
				CLANG_WARN_OBJC_IMPLICIT_RETAIN_SELF = YES;
				CLANG_WARN_OBJC_LITERAL_CONVERSION = YES;
				CLANG_WARN_OBJC_ROOT_CLASS = YES_ERROR;
				CLANG_WARN_QUOTED_INCLUDE_IN_FRAMEWORK_HEADER = YES;
				CLANG_WARN_RANGE_LOOP_ANALYSIS = YES;
				CLANG_WARN_STRICT_PROTOTYPES = YES;
				CLANG_WARN_SUSPICIOUS_MOVE = YES;
				CLANG_WARN_UNGUARDED_AVAILABILITY = YES_AGGRESSIVE;
				CLANG_WARN_UNREACHABLE_CODE = YES;
				CLANG_WARN__DUPLICATE_METHOD_MATCH = YES;
				COPY_PHASE_STRIP = NO;
				DEBUG_INFORMATION_FORMAT = "dwarf-with-dsym";
				ENABLE_NS_ASSERTIONS = NO;
				ENABLE_STRICT_OBJC_MSGSEND = YES;
				GCC_C_LANGUAGE_STANDARD = gnu11;
				GCC_NO_COMMON_BLOCKS = YES;
				GCC_WARN_64_TO_32_BIT_CONVERSION = YES;
				GCC_WARN_ABOUT_RETURN_TYPE = YES_ERROR;
				GCC_WARN_UNDECLARED_SELECTOR = YES;
				GCC_WARN_UNINITIALIZED_AUTOS = YES_AGGRESSIVE;
				GCC_WARN_UNUSED_FUNCTION = YES;
				GCC_WARN_UNUSED_VARIABLE = YES;
				IPHONEOS_DEPLOYMENT_TARGET = 15.0;
				MTL_ENABLE_DEBUG_INFO = NO;
				MTL_FAST_MATH = YES;
				SDKROOT = iphoneos;
				SWIFT_COMPILATION_MODE = wholemodule;
				SWIFT_OPTIMIZATION_LEVEL = "-O";
				VALIDATE_PRODUCT = YES;
			};
			name = Release;
		};
		3FA964D927438AF7000AE92F /* Debug */ = {
			isa = XCBuildConfiguration;
			buildSettings = {
				ASSETCATALOG_COMPILER_APPICON_NAME = AppIcon;
				ASSETCATALOG_COMPILER_GLOBAL_ACCENT_COLOR_NAME = AccentColor;
				CODE_SIGN_STYLE = Automatic;
				CURRENT_PROJECT_VERSION = 1;
				GENERATE_INFOPLIST_FILE = YES;
				INFOPLIST_FILE = Meditation/Info.plist;
				INFOPLIST_KEY_UIApplicationSupportsIndirectInputEvents = YES;
				INFOPLIST_KEY_UILaunchStoryboardName = LaunchScreen;
				INFOPLIST_KEY_UIMainStoryboardFile = Main;
				INFOPLIST_KEY_UISupportedInterfaceOrientations_iPad = "UIInterfaceOrientationPortrait UIInterfaceOrientationPortraitUpsideDown UIInterfaceOrientationLandscapeLeft UIInterfaceOrientationLandscapeRight";
				INFOPLIST_KEY_UISupportedInterfaceOrientations_iPhone = "UIInterfaceOrientationPortrait UIInterfaceOrientationLandscapeLeft UIInterfaceOrientationLandscapeRight";
				LD_RUNPATH_SEARCH_PATHS = (
					"$(inherited)",
					"@executable_path/Frameworks",
				);
				MARKETING_VERSION = 1.0;
				PRODUCT_BUNDLE_IDENTIFIER = ru.kutuzova.Meditation;
				PRODUCT_NAME = "$(TARGET_NAME)";
				SWIFT_EMIT_LOC_STRINGS = YES;
				SWIFT_VERSION = 5.0;
				TARGETED_DEVICE_FAMILY = 1;
			};
			name = Debug;
		};
		3FA964DA27438AF7000AE92F /* Release */ = {
			isa = XCBuildConfiguration;
			buildSettings = {
				ASSETCATALOG_COMPILER_APPICON_NAME = AppIcon;
				ASSETCATALOG_COMPILER_GLOBAL_ACCENT_COLOR_NAME = AccentColor;
				CODE_SIGN_STYLE = Automatic;
				CURRENT_PROJECT_VERSION = 1;
				GENERATE_INFOPLIST_FILE = YES;
				INFOPLIST_FILE = Meditation/Info.plist;
				INFOPLIST_KEY_UIApplicationSupportsIndirectInputEvents = YES;
				INFOPLIST_KEY_UILaunchStoryboardName = LaunchScreen;
				INFOPLIST_KEY_UIMainStoryboardFile = Main;
				INFOPLIST_KEY_UISupportedInterfaceOrientations_iPad = "UIInterfaceOrientationPortrait UIInterfaceOrientationPortraitUpsideDown UIInterfaceOrientationLandscapeLeft UIInterfaceOrientationLandscapeRight";
				INFOPLIST_KEY_UISupportedInterfaceOrientations_iPhone = "UIInterfaceOrientationPortrait UIInterfaceOrientationLandscapeLeft UIInterfaceOrientationLandscapeRight";
				LD_RUNPATH_SEARCH_PATHS = (
					"$(inherited)",
					"@executable_path/Frameworks",
				);
				MARKETING_VERSION = 1.0;
				PRODUCT_BUNDLE_IDENTIFIER = ru.kutuzova.Meditation;
				PRODUCT_NAME = "$(TARGET_NAME)";
				SWIFT_EMIT_LOC_STRINGS = YES;
				SWIFT_VERSION = 5.0;
				TARGETED_DEVICE_FAMILY = 1;
			};
			name = Release;
		};
/* End XCBuildConfiguration section */

/* Begin XCConfigurationList section */
		3FA964BF27438AF5000AE92F /* Build configuration list for PBXProject "Meditation" */ = {
			isa = XCConfigurationList;
			buildConfigurations = (
				3FA964D627438AF7000AE92F /* Debug */,
				3FA964D727438AF7000AE92F /* Release */,
			);
			defaultConfigurationIsVisible = 0;
			defaultConfigurationName = Release;
		};
		3FA964D827438AF7000AE92F /* Build configuration list for PBXNativeTarget "Meditation" */ = {
			isa = XCConfigurationList;
			buildConfigurations = (
				3FA964D927438AF7000AE92F /* Debug */,
				3FA964DA27438AF7000AE92F /* Release */,
			);
			defaultConfigurationIsVisible = 0;
			defaultConfigurationName = Release;
		};
/* End XCConfigurationList section */

/* Begin XCRemoteSwiftPackageReference section */
		3FA964DB27438B98000AE92F /* XCRemoteSwiftPackageReference "alamofire" */ = {
			isa = XCRemoteSwiftPackageReference;
			repositoryURL = "http://github.com/alamofire/alamofire";
			requirement = {
				kind = upToNextMajorVersion;
				minimumVersion = 5.0.0;
			};
		};
		3FA964DE27438C1C000AE92F /* XCRemoteSwiftPackageReference "swiftyJSON" */ = {
			isa = XCRemoteSwiftPackageReference;
			repositoryURL = "http://github.com/swiftyJSON/swiftyJSON/";
			requirement = {
				kind = upToNextMajorVersion;
				minimumVersion = 5.0.0;
			};
		};
/* End XCRemoteSwiftPackageReference section */

/* Begin XCSwiftPackageProductDependency section */
		3FA964DC27438B98000AE92F /* Alamofire */ = {
			isa = XCSwiftPackageProductDependency;
			package = 3FA964DB27438B98000AE92F /* XCRemoteSwiftPackageReference "alamofire" */;
			productName = Alamofire;
		};
/* End XCSwiftPackageProductDependency section */
	};
	rootObject = 3FA964BC27438AF5000AE92F /* Project object */;
}
